
Microsoft Visual Studio Solution File, Format Version 12.00
# Visual Studio Version 16
VisualStudioVersion = 16.0.29911.84
MinimumVisualStudioVersion = 10.0.40219.1
Project("{FAE04EC0-301F-11D3-BF4B-00C04F79EFBC}") = "CpfValidation", "CpfValidation\CpfValidation.csproj", "{03EDD34B-CAA6-448E-9EFA-75DEC2F393F2}"
EndProject
Project("{FAE04EC0-301F-11D3-BF4B-00C04F79EFBC}") = "CpfValidation.Tests", "CpfValidation.Tests\CpfValidation.Tests.csproj", "{A9E5CA87-83AD-4C08-B338-B2E5B8AE06E6}"
EndProject
Global
	GlobalSection(SolutionConfigurationPlatforms) = preSolution
		Debug|Any CPU = Debug|Any CPU
		Release|Any CPU = Release|Any CPU
	EndGlobalSection
	GlobalSection(ProjectConfigurationPlatforms) = postSolution
		{03EDD34B-CAA6-448E-9EFA-75DEC2F393F2}.Debug|Any CPU.ActiveCfg = Debug|Any CPU
		{03EDD34B-CAA6-448E-9EFA-75DEC2F393F2}.Debug|Any CPU.Build.0 = Debug|Any CPU
		{03EDD34B-CAA6-448E-9EFA-75DEC2F393F2}.Release|Any CPU.ActiveCfg = Release|Any CPU
		{03EDD34B-CAA6-448E-9EFA-75DEC2F393F2}.Release|Any CPU.Build.0 = Release|Any CPU
		{A9E5CA87-83AD-4C08-B338-B2E5B8AE06E6}.Debug|Any CPU.ActiveCfg = Debug|Any CPU
		{A9E5CA87-83AD-4C08-B338-B2E5B8AE06E6}.Debug|Any CPU.Build.0 = Debug|Any CPU
		{A9E5CA87-83AD-4C08-B338-B2E5B8AE06E6}.Release|Any CPU.ActiveCfg = Release|Any CPU
		{A9E5CA87-83AD-4C08-B338-B2E5B8AE06E6}.Release|Any CPU.Build.0 = Release|Any CPU
	EndGlobalSection
	GlobalSection(SolutionProperties) = preSolution
		HideSolutionNode = FALSE
	EndGlobalSection
	GlobalSection(ExtensibilityGlobals) = postSolution
		SolutionGuid = {0858D14C-4C0A-45BB-A2D6-052FABE4301B}
	EndGlobalSection
EndGlobal
